
Microsoft Visual Studio Solution File, Format Version 12.00
# Visual Studio Version 16
VisualStudioVersion = 16.0.29709.97
MinimumVisualStudioVersion = 10.0.40219.1
Project("{FAE04EC0-301F-11D3-BF4B-00C04F79EFBC}") = "KelanHelperBot", "KelanHelperBot\KelanHelperBot.csproj", "{F6B023AC-1A44-4645-B68D-C81CE425BA0D}"
EndProject
Global
	GlobalSection(SolutionConfigurationPlatforms) = preSolution
		Debug|Any CPU = Debug|Any CPU
		Release|Any CPU = Release|Any CPU
	EndGlobalSection
	GlobalSection(ProjectConfigurationPlatforms) = postSolution
		{F6B023AC-1A44-4645-B68D-C81CE425BA0D}.Debug|Any CPU.ActiveCfg = Debug|Any CPU
		{F6B023AC-1A44-4645-B68D-C81CE425BA0D}.Debug|Any CPU.Build.0 = Debug|Any CPU
		{F6B023AC-1A44-4645-B68D-C81CE425BA0D}.Release|Any CPU.ActiveCfg = Release|Any CPU
		{F6B023AC-1A44-4645-B68D-C81CE425BA0D}.Release|Any CPU.Build.0 = Release|Any CPU
	EndGlobalSection
	GlobalSection(SolutionProperties) = preSolution
		HideSolutionNode = FALSE
	EndGlobalSection
	GlobalSection(ExtensibilityGlobals) = postSolution
		SolutionGuid = {19970217-6AF1-4B98-88BB-0EAB6036AF22}
	EndGlobalSection
EndGlobal
